
Microsoft Visual Studio Solution File, Format Version 12.00
# Visual Studio Version 17
VisualStudioVersion = 17.6.33723.286
MinimumVisualStudioVersion = 10.0.40219.1
Project("{FAE04EC0-301F-11D3-BF4B-00C04F79EFBC}") = "Bisko.Healthchecks.Core", "Bisko.Healthchecks.Core\Bisko.Healthchecks.Core.csproj", "{C37066E2-DE42-4D27-A99B-1752AD5EDC32}"
EndProject
Global
	GlobalSection(SolutionConfigurationPlatforms) = preSolution
		Debug|Any CPU = Debug|Any CPU
		Release|Any CPU = Release|Any CPU
	EndGlobalSection
	GlobalSection(ProjectConfigurationPlatforms) = postSolution
		{C37066E2-DE42-4D27-A99B-1752AD5EDC32}.Debug|Any CPU.ActiveCfg = Debug|Any CPU
		{C37066E2-DE42-4D27-A99B-1752AD5EDC32}.Debug|Any CPU.Build.0 = Debug|Any CPU
		{C37066E2-DE42-4D27-A99B-1752AD5EDC32}.Release|Any CPU.ActiveCfg = Release|Any CPU
		{C37066E2-DE42-4D27-A99B-1752AD5EDC32}.Release|Any CPU.Build.0 = Release|Any CPU
	EndGlobalSection
	GlobalSection(SolutionProperties) = preSolution
		HideSolutionNode = FALSE
	EndGlobalSection
	GlobalSection(ExtensibilityGlobals) = postSolution
		SolutionGuid = {8FDE1B71-9CF2-409F-A2A3-3618541767CE}
	EndGlobalSection
EndGlobal
